
Microsoft Visual Studio Solution File, Format Version 12.00
# Visual Studio 15
VisualStudioVersion = 15.0.27130.0
MinimumVisualStudioVersion = 10.0.40219.1
Project("{FAE04EC0-301F-11D3-BF4B-00C04F79EFBC}") = "Sentimantha", "Sentimantha\Sentimantha.csproj", "{28FA6034-1D14-440E-9D73-84E8962F0748}"
EndProject
Project("{FAE04EC0-301F-11D3-BF4B-00C04F79EFBC}") = "Sentimantha.Test", "Sentimantha.Test\Sentimantha.Test.csproj", "{4B209DBC-AC90-491E-B35C-44A39E46EDBE}"
EndProject
Global
	GlobalSection(SolutionConfigurationPlatforms) = preSolution
		Debug|Any CPU = Debug|Any CPU
		Release|Any CPU = Release|Any CPU
	EndGlobalSection
	GlobalSection(ProjectConfigurationPlatforms) = postSolution
		{28FA6034-1D14-440E-9D73-84E8962F0748}.Debug|Any CPU.ActiveCfg = Debug|Any CPU
		{28FA6034-1D14-440E-9D73-84E8962F0748}.Debug|Any CPU.Build.0 = Debug|Any CPU
		{28FA6034-1D14-440E-9D73-84E8962F0748}.Release|Any CPU.ActiveCfg = Release|Any CPU
		{28FA6034-1D14-440E-9D73-84E8962F0748}.Release|Any CPU.Build.0 = Release|Any CPU
		{4B209DBC-AC90-491E-B35C-44A39E46EDBE}.Debug|Any CPU.ActiveCfg = Debug|Any CPU
		{4B209DBC-AC90-491E-B35C-44A39E46EDBE}.Debug|Any CPU.Build.0 = Debug|Any CPU
		{4B209DBC-AC90-491E-B35C-44A39E46EDBE}.Release|Any CPU.ActiveCfg = Release|Any CPU
		{4B209DBC-AC90-491E-B35C-44A39E46EDBE}.Release|Any CPU.Build.0 = Release|Any CPU
	EndGlobalSection
	GlobalSection(SolutionProperties) = preSolution
		HideSolutionNode = FALSE
	EndGlobalSection
	GlobalSection(ExtensibilityGlobals) = postSolution
		SolutionGuid = {C18ADE9C-35A8-496D-8CEC-ADB03A07E38E}
	EndGlobalSection
EndGlobal
